{
  "name": "@rtarik/spectralnn-paint-mixer-site",
  "lockfileVersion": 3,
  "requires": true,
  "packages": {
    "": {
      "name": "@rtarik/spectralnn-paint-mixer-site"
    },
    "node_modules/spectralnn-paint-mixer-alpha-1": {
      "name": "@rtarik/spectralnn-paint-mixer",
      "version": "0.1.0-alpha.1",
      "resolved": "https://registry.npmjs.org/@rtarik/spectralnn-paint-mixer/-/spectralnn-paint-mixer-0.1.0-alpha.1.tgz",
      "integrity": "sha512-panQbYJ3kXa2ufSwx/qTSt9IE24J3zVZcEJTcHy7xUxVWrJQnxu8btKb3Yrur0lWN0fUoICUKeG3nvWJO+PSpA==",
      "license": "MIT",
      "engines": {
        "node": ">=22"
      }
    }
  }
}
