{
  "name": "dataset-generator",
  "version": "1.0.0",
  "lockfileVersion": 3,
  "requires": true,
  "packages": {
    "": {
      "name": "dataset-generator",
      "version": "1.0.0",
      "license": "ISC",
      "dependencies": {
        "spectral.js": "^3.0.0"
      }
    },
    "node_modules/spectral.js": {
      "version": "3.0.0",
      "resolved": "https://registry.npmjs.org/spectral.js/-/spectral.js-3.0.0.tgz",
      "integrity": "sha512-vIvoUfuB0jrj8bdCXvKks5nmp4Zx1DeKhSojJxN8Pk7jIpH2KMwF8cAhDPto0dEwk0/0qa06eL0owRZ2tAJB5w==",
      "license": "MIT"
    }
  }
}
